
Microsoft Visual Studio Solution File, Format Version 12.00
# Visual Studio 15
VisualStudioVersion = 15.0.28010.2003
MinimumVisualStudioVersion = 10.0.40219.1
Project("{FAE04EC0-301F-11D3-BF4B-00C04F79EFBC}") = "NTGPowerUtil", "NTGPowerUtil\NTGPowerUtil.csproj", "{8A91C4FC-F715-40E6-86CE-6AE8CE22E9CF}"
EndProject
Global
	GlobalSection(SolutionConfigurationPlatforms) = preSolution
		Debug|Any CPU = Debug|Any CPU
		Release|Any CPU = Release|Any CPU
	EndGlobalSection
	GlobalSection(ProjectConfigurationPlatforms) = postSolution
		{8A91C4FC-F715-40E6-86CE-6AE8CE22E9CF}.Debug|Any CPU.ActiveCfg = Debug|Any CPU
		{8A91C4FC-F715-40E6-86CE-6AE8CE22E9CF}.Debug|Any CPU.Build.0 = Debug|Any CPU
		{8A91C4FC-F715-40E6-86CE-6AE8CE22E9CF}.Release|Any CPU.ActiveCfg = Release|Any CPU
		{8A91C4FC-F715-40E6-86CE-6AE8CE22E9CF}.Release|Any CPU.Build.0 = Release|Any CPU
	EndGlobalSection
	GlobalSection(SolutionProperties) = preSolution
		HideSolutionNode = FALSE
	EndGlobalSection
	GlobalSection(ExtensibilityGlobals) = postSolution
		SolutionGuid = {3DA3EF12-AEBD-491C-B7B7-481D8F084856}
	EndGlobalSection
EndGlobal
